
Microsoft Visual Studio Solution File, Format Version 12.00
# Visual Studio Version 17
VisualStudioVersion = 17.7.34003.232
MinimumVisualStudioVersion = 10.0.40219.1
Project("{FAE04EC0-301F-11D3-BF4B-00C04F79EFBC}") = "MathQuiz", "MathQuiz\MathQuiz.csproj", "{3DE9BE73-E0A1-4322-A625-C665B56A95C9}"
EndProject
Global
	GlobalSection(SolutionConfigurationPlatforms) = preSolution
		Debug|Any CPU = Debug|Any CPU
		Release|Any CPU = Release|Any CPU
	EndGlobalSection
	GlobalSection(ProjectConfigurationPlatforms) = postSolution
		{3DE9BE73-E0A1-4322-A625-C665B56A95C9}.Debug|Any CPU.ActiveCfg = Debug|Any CPU
		{3DE9BE73-E0A1-4322-A625-C665B56A95C9}.Debug|Any CPU.Build.0 = Debug|Any CPU
		{3DE9BE73-E0A1-4322-A625-C665B56A95C9}.Release|Any CPU.ActiveCfg = Release|Any CPU
		{3DE9BE73-E0A1-4322-A625-C665B56A95C9}.Release|Any CPU.Build.0 = Release|Any CPU
	EndGlobalSection
	GlobalSection(SolutionProperties) = preSolution
		HideSolutionNode = FALSE
	EndGlobalSection
	GlobalSection(ExtensibilityGlobals) = postSolution
		SolutionGuid = {3757F09F-E4A0-4945-95D1-3E196375CF72}
	EndGlobalSection
EndGlobal
